{
  "requires": true,
  "lockfileVersion": 1,
  "dependencies": {
    "convertapi-js": {
      "version": "1.0.6",
      "resolved": "https://registry.npmjs.org/convertapi-js/-/convertapi-js-1.0.6.tgz",
      "integrity": "sha512-kLRlf1E9mY8J7cmsIi03jwtadN6fNPLYwFOIA1Eam3+AXptYs/lD1EB48aAUhW3tyJ8D8yhFfCokwSQe13J7eQ=="
    }
  }
}
